
Microsoft Visual Studio Solution File, Format Version 12.00
# Visual Studio Version 17
VisualStudioVersion = 17.14.36127.28 d17.14
MinimumVisualStudioVersion = 10.0.40219.1
Project("{FAE04EC0-301F-11D3-BF4B-00C04F79EFBC}") = "EmployeesCRUD", "EmployeesCRUD\EmployeesCRUD.csproj", "{F9E9F6C0-F975-4032-A11F-2DAC25760C41}"
EndProject
Global
	GlobalSection(SolutionConfigurationPlatforms) = preSolution
		Debug|Any CPU = Debug|Any CPU
		Release|Any CPU = Release|Any CPU
	EndGlobalSection
	GlobalSection(ProjectConfigurationPlatforms) = postSolution
		{F9E9F6C0-F975-4032-A11F-2DAC25760C41}.Debug|Any CPU.ActiveCfg = Debug|Any CPU
		{F9E9F6C0-F975-4032-A11F-2DAC25760C41}.Debug|Any CPU.Build.0 = Debug|Any CPU
		{F9E9F6C0-F975-4032-A11F-2DAC25760C41}.Release|Any CPU.ActiveCfg = Release|Any CPU
		{F9E9F6C0-F975-4032-A11F-2DAC25760C41}.Release|Any CPU.Build.0 = Release|Any CPU
	EndGlobalSection
	GlobalSection(SolutionProperties) = preSolution
		HideSolutionNode = FALSE
	EndGlobalSection
	GlobalSection(ExtensibilityGlobals) = postSolution
		SolutionGuid = {3BF93865-9497-4AA3-9336-84FF9185A76E}
	EndGlobalSection
EndGlobal
